
Microsoft Visual Studio Solution File, Format Version 12.00
# Visual Studio Version 17
VisualStudioVersion = 17.5.002.0
MinimumVisualStudioVersion = 10.0.40219.1
Project("{2150E333-8FDC-42A3-9474-1A3956D46DE8}") = "AI-102-AIEngineer", "AI-102-AIEngineer", "{36AF937E-F737-45A9-85B0-D7F9BD51D101}"
EndProject
Project("{2150E333-8FDC-42A3-9474-1A3956D46DE8}") = "01-getting-started", "01-getting-started", "{7DD6283C-197B-48B3-925C-80CBCA02FE82}"
EndProject
Project("{2150E333-8FDC-42A3-9474-1A3956D46DE8}") = "C-Sharp", "C-Sharp", "{DCB07FF4-1CF0-4DFF-B353-5DF5D61C2DEE}"
EndProject
Project("{9A19103F-16F7-4668-BE54-9A1E7A4F7556}") = "rest_client", "AI-102-AIEngineer\01-getting-started\C-Sharp\rest-client\rest_client.csproj", "{206960DE-0963-4A17-AA54-42234F06E53D}"
EndProject
Project("{9A19103F-16F7-4668-BE54-9A1E7A4F7556}") = "sdk-client", "AI-102-AIEngineer\01-getting-started\C-Sharp\sdk-client\sdk-client.csproj", "{D0189649-1188-4ECD-9378-8830A4688F61}"
EndProject
Project("{2150E333-8FDC-42A3-9474-1A3956D46DE8}") = "02-cognitive-security", "02-cognitive-security", "{4DFAC037-C0DE-4D49-A2D1-64DA74824A68}"
EndProject
Project("{2150E333-8FDC-42A3-9474-1A3956D46DE8}") = "C-Sharp", "C-Sharp", "{22B9D8A1-E371-4890-A33E-49C8C1A4E6A7}"
EndProject
Project("{9A19103F-16F7-4668-BE54-9A1E7A4F7556}") = "keyvault_client", "AI-102-AIEngineer\02-cognitive-security\C-Sharp\keyvault_client\keyvault_client.csproj", "{CFCE4B78-69F7-4931-9390-DF717C4CC536}"
EndProject
Project("{2150E333-8FDC-42A3-9474-1A3956D46DE8}") = "05-analyze-text", "05-analyze-text", "{ABD758C9-E9FA-4681-861D-5FC2A2EC03AD}"
EndProject
Project("{2150E333-8FDC-42A3-9474-1A3956D46DE8}") = "C-Sharp", "C-Sharp", "{8F46C68D-FF76-4C41-A73A-8C4FB6B75677}"
EndProject
Project("{9A19103F-16F7-4668-BE54-9A1E7A4F7556}") = "text-analysis", "AI-102-AIEngineer\05-analyze-text\C-Sharp\text-analysis\text-analysis.csproj", "{4ADD9776-39A5-4C1F-91C3-024429DCBD41}"
EndProject
Project("{2150E333-8FDC-42A3-9474-1A3956D46DE8}") = "06-translate-text", "06-translate-text", "{B809BD6B-FBC2-4160-AE94-6AE6AEF38E8E}"
EndProject
Project("{2150E333-8FDC-42A3-9474-1A3956D46DE8}") = "C-Sharp", "C-Sharp", "{30F8DF21-6480-4E10-9FD4-9423F4A1FA9E}"
EndProject
Project("{9A19103F-16F7-4668-BE54-9A1E7A4F7556}") = "translate_text", "AI-102-AIEngineer\06-translate-text\C-Sharp\text-translation\translate_text.csproj", "{11B08B4D-E494-4714-A5F2-74CD52ECF53B}"
EndProject
Project("{2150E333-8FDC-42A3-9474-1A3956D46DE8}") = "07-speech", "07-speech", "{DA4430F8-6F7D-45B9-88FC-A6610EE5659A}"
EndProject
Project("{2150E333-8FDC-42A3-9474-1A3956D46DE8}") = "C-Sharp", "C-Sharp", "{BABD6286-410B-4B80-A2EA-C0BAEA1B6138}"
EndProject
Project("{9A19103F-16F7-4668-BE54-9A1E7A4F7556}") = "speaking-clock", "AI-102-AIEngineer\07-speech\C-Sharp\speaking-clock\speaking-clock.csproj", "{6ACE7890-FBD5-4A03-BCF6-564C0BD3AE7C}"
EndProject
Project("{2150E333-8FDC-42A3-9474-1A3956D46DE8}") = "08-speech-translation", "08-speech-translation", "{9E967929-2442-4CD5-8E0F-D50462D37948}"
EndProject
Project("{2150E333-8FDC-42A3-9474-1A3956D46DE8}") = "C-Sharp", "C-Sharp", "{9B2BAD89-81B5-4826-80DE-ED844F360EB3}"
EndProject
Project("{9A19103F-16F7-4668-BE54-9A1E7A4F7556}") = "translator", "AI-102-AIEngineer\08-speech-translation\C-Sharp\translator\translator.csproj", "{49674051-B94D-4FEC-9B6D-0A29024C60EA}"
EndProject
Project("{2150E333-8FDC-42A3-9474-1A3956D46DE8}") = "10b-clu-client-(preview)", "10b-clu-client-(preview)", "{86CDD051-008D-490E-A936-F2386FCFFEB0}"
EndProject
Project("{2150E333-8FDC-42A3-9474-1A3956D46DE8}") = "C-Sharp", "C-Sharp", "{8F01C826-D230-4D55-A853-8C96CCC01B90}"
EndProject
Project("{9A19103F-16F7-4668-BE54-9A1E7A4F7556}") = "clock_client", "AI-102-AIEngineer\10b-clu-client-(preview)\C-Sharp\clock-client\clock_client.csproj", "{67A86C95-CCB6-471D-B09F-FA0100C3CF0D}"
EndProject
Project("{2150E333-8FDC-42A3-9474-1A3956D46DE8}") = "11-luis-speech", "11-luis-speech", "{E95CC76B-CEB8-4728-91FE-5C86BE9B866C}"
EndProject
Project("{2150E333-8FDC-42A3-9474-1A3956D46DE8}") = "C-Sharp", "C-Sharp", "{5A5E089C-D5B6-4E7C-8B91-ECE3E75465DC}"
EndProject
Project("{9A19103F-16F7-4668-BE54-9A1E7A4F7556}") = "speaking_clock_client", "AI-102-AIEngineer\11-luis-speech\C-Sharp\speaking-clock-client\speaking_clock_client.csproj", "{D8890410-2A88-4396-B018-81EF2B359D72}"
EndProject
Project("{2150E333-8FDC-42A3-9474-1A3956D46DE8}") = "15-computer-vision", "15-computer-vision", "{9344E2B3-3FD0-49AF-ADC8-0B6DFA22BCE8}"
EndProject
Project("{2150E333-8FDC-42A3-9474-1A3956D46DE8}") = "C-Sharp", "C-Sharp", "{4BDAA233-10CA-4E94-8AC8-886236521453}"
EndProject
Project("{9A19103F-16F7-4668-BE54-9A1E7A4F7556}") = "image-analysis", "AI-102-AIEngineer\15-computer-vision\C-Sharp\image-analysis\image-analysis.csproj", "{9DE74B31-6DED-4C03-BB40-AB7E75D855EA}"
EndProject
Project("{2150E333-8FDC-42A3-9474-1A3956D46DE8}") = "17-image-classification", "17-image-classification", "{43FB672A-BC2A-4F92-B4BF-474B24EDB787}"
EndProject
Project("{2150E333-8FDC-42A3-9474-1A3956D46DE8}") = "C-Sharp", "C-Sharp", "{B95A8927-162C-42A9-AD11-2B3C0EC30E5C}"
EndProject
Project("{9A19103F-16F7-4668-BE54-9A1E7A4F7556}") = "test-classifier", "AI-102-AIEngineer\17-image-classification\C-Sharp\test-classifier\test-classifier.csproj", "{CF3839ED-9FA1-4ADA-8FF2-F7E30BDE9D87}"
EndProject
Project("{9A19103F-16F7-4668-BE54-9A1E7A4F7556}") = "train-classifier", "AI-102-AIEngineer\17-image-classification\C-Sharp\train-classifier\train-classifier.csproj", "{331FBBCC-5284-4732-8C78-B5532695E48F}"
EndProject
Project("{2150E333-8FDC-42A3-9474-1A3956D46DE8}") = "18-object-detection", "18-object-detection", "{ADF03686-C150-4833-A7E8-84264E5BA5ED}"
EndProject
Project("{2150E333-8FDC-42A3-9474-1A3956D46DE8}") = "C-Sharp", "C-Sharp", "{0E602CFC-8414-49F0-BEB1-62F6204159AF}"
EndProject
Project("{9A19103F-16F7-4668-BE54-9A1E7A4F7556}") = "test-detector", "AI-102-AIEngineer\18-object-detection\C-Sharp\test-detector\test-detector.csproj", "{572CF79D-C236-49D5-B6C1-C2CB094156C7}"
EndProject
Project("{9A19103F-16F7-4668-BE54-9A1E7A4F7556}") = "train-detector", "AI-102-AIEngineer\18-object-detection\C-Sharp\train-detector\train-detector.csproj", "{FE618639-5406-4587-AA0A-3811FAA249F6}"
EndProject
Project("{2150E333-8FDC-42A3-9474-1A3956D46DE8}") = "19-face", "19-face", "{517172C9-F823-41DB-9B92-267830876539}"
EndProject
Project("{2150E333-8FDC-42A3-9474-1A3956D46DE8}") = "C-Sharp", "C-Sharp", "{D805EF26-10F6-4F5A-B8B3-F2675ED775F5}"
EndProject
Project("{9A19103F-16F7-4668-BE54-9A1E7A4F7556}") = "detect-faces", "AI-102-AIEngineer\19-face\C-Sharp\computer-vision\detect-faces.csproj", "{5FA9380A-64B1-4D8C-A8EB-1B60B9382750}"
EndProject
Project("{9A19103F-16F7-4668-BE54-9A1E7A4F7556}") = "analyze-faces", "AI-102-AIEngineer\19-face\C-Sharp\face-api\analyze-faces.csproj", "{B01EBB88-87D9-4F4F-A4C1-8939468D9C2A}"
EndProject
Project("{2150E333-8FDC-42A3-9474-1A3956D46DE8}") = "20-ocr", "20-ocr", "{B3A91538-29A4-409D-8FC0-9A709657B476}"
EndProject
Project("{2150E333-8FDC-42A3-9474-1A3956D46DE8}") = "C-Sharp", "C-Sharp", "{8FCD3A25-A367-4801-B54B-6384C165CE00}"
EndProject
Project("{9A19103F-16F7-4668-BE54-9A1E7A4F7556}") = "read-text", "AI-102-AIEngineer\20-ocr\C-Sharp\read-text\read-text.csproj", "{EF49A0A0-850E-461D-8A96-7E37456D521E}"
EndProject
Project("{2150E333-8FDC-42A3-9474-1A3956D46DE8}") = "21-custom-form", "21-custom-form", "{56401207-6ED5-42A1-BD7D-EBFCB2C63B3F}"
EndProject
Project("{2150E333-8FDC-42A3-9474-1A3956D46DE8}") = "C-Sharp", "C-Sharp", "{10C3EF79-3349-4B5F-8CB2-22FB649BA03D}"
EndProject
Project("{9A19103F-16F7-4668-BE54-9A1E7A4F7556}") = "test-model", "AI-102-AIEngineer\21-custom-form\C-Sharp\test-model\test-model.csproj", "{DD866536-0971-4B98-911B-5A467AFA92A7}"
EndProject
Project("{9A19103F-16F7-4668-BE54-9A1E7A4F7556}") = "train-model", "AI-102-AIEngineer\21-custom-form\C-Sharp\train-model\train-model.csproj", "{C9361DEE-A7CA-4EF7-8779-929CC6C1E7B8}"
EndProject
Project("{2150E333-8FDC-42A3-9474-1A3956D46DE8}") = "22-Create-a-search-solution", "22-Create-a-search-solution", "{332369AF-A18C-421E-92AF-7DD92CDF0D50}"
EndProject
Project("{2150E333-8FDC-42A3-9474-1A3956D46DE8}") = "C-Sharp", "C-Sharp", "{7F2FD333-563A-4821-9CC3-8BAE8B28D050}"
EndProject
Project("{9A19103F-16F7-4668-BE54-9A1E7A4F7556}") = "search-client", "AI-102-AIEngineer\22-Create-a-search-solution\C-Sharp\margies-travel\search-client.csproj", "{BA67001B-F29F-41FD-9199-F40C96ABD218}"
EndProject
Global
	GlobalSection(SolutionConfigurationPlatforms) = preSolution
		Debug|Any CPU = Debug|Any CPU
		Release|Any CPU = Release|Any CPU
	EndGlobalSection
	GlobalSection(ProjectConfigurationPlatforms) = postSolution
		{206960DE-0963-4A17-AA54-42234F06E53D}.Debug|Any CPU.ActiveCfg = Debug|Any CPU
		{206960DE-0963-4A17-AA54-42234F06E53D}.Debug|Any CPU.Build.0 = Debug|Any CPU
		{206960DE-0963-4A17-AA54-42234F06E53D}.Release|Any CPU.ActiveCfg = Release|Any CPU
		{206960DE-0963-4A17-AA54-42234F06E53D}.Release|Any CPU.Build.0 = Release|Any CPU
		{D0189649-1188-4ECD-9378-8830A4688F61}.Debug|Any CPU.ActiveCfg = Debug|Any CPU
		{D0189649-1188-4ECD-9378-8830A4688F61}.Debug|Any CPU.Build.0 = Debug|Any CPU
		{D0189649-1188-4ECD-9378-8830A4688F61}.Release|Any CPU.ActiveCfg = Release|Any CPU
		{D0189649-1188-4ECD-9378-8830A4688F61}.Release|Any CPU.Build.0 = Release|Any CPU
		{CFCE4B78-69F7-4931-9390-DF717C4CC536}.Debug|Any CPU.ActiveCfg = Debug|Any CPU
		{CFCE4B78-69F7-4931-9390-DF717C4CC536}.Debug|Any CPU.Build.0 = Debug|Any CPU
		{CFCE4B78-69F7-4931-9390-DF717C4CC536}.Release|Any CPU.ActiveCfg = Release|Any CPU
		{CFCE4B78-69F7-4931-9390-DF717C4CC536}.Release|Any CPU.Build.0 = Release|Any CPU
		{4ADD9776-39A5-4C1F-91C3-024429DCBD41}.Debug|Any CPU.ActiveCfg = Debug|Any CPU
		{4ADD9776-39A5-4C1F-91C3-024429DCBD41}.Debug|Any CPU.Build.0 = Debug|Any CPU
		{4ADD9776-39A5-4C1F-91C3-024429DCBD41}.Release|Any CPU.ActiveCfg = Release|Any CPU
		{4ADD9776-39A5-4C1F-91C3-024429DCBD41}.Release|Any CPU.Build.0 = Release|Any CPU
		{11B08B4D-E494-4714-A5F2-74CD52ECF53B}.Debug|Any CPU.ActiveCfg = Debug|Any CPU
		{11B08B4D-E494-4714-A5F2-74CD52ECF53B}.Debug|Any CPU.Build.0 = Debug|Any CPU
		{11B08B4D-E494-4714-A5F2-74CD52ECF53B}.Release|Any CPU.ActiveCfg = Release|Any CPU
		{11B08B4D-E494-4714-A5F2-74CD52ECF53B}.Release|Any CPU.Build.0 = Release|Any CPU
		{6ACE7890-FBD5-4A03-BCF6-564C0BD3AE7C}.Debug|Any CPU.ActiveCfg = Debug|Any CPU
		{6ACE7890-FBD5-4A03-BCF6-564C0BD3AE7C}.Debug|Any CPU.Build.0 = Debug|Any CPU
		{6ACE7890-FBD5-4A03-BCF6-564C0BD3AE7C}.Release|Any CPU.ActiveCfg = Release|Any CPU
		{6ACE7890-FBD5-4A03-BCF6-564C0BD3AE7C}.Release|Any CPU.Build.0 = Release|Any CPU
		{49674051-B94D-4FEC-9B6D-0A29024C60EA}.Debug|Any CPU.ActiveCfg = Debug|Any CPU
		{49674051-B94D-4FEC-9B6D-0A29024C60EA}.Debug|Any CPU.Build.0 = Debug|Any CPU
		{49674051-B94D-4FEC-9B6D-0A29024C60EA}.Release|Any CPU.ActiveCfg = Release|Any CPU
		{49674051-B94D-4FEC-9B6D-0A29024C60EA}.Release|Any CPU.Build.0 = Release|Any CPU
		{67A86C95-CCB6-471D-B09F-FA0100C3CF0D}.Debug|Any CPU.ActiveCfg = Debug|Any CPU
		{67A86C95-CCB6-471D-B09F-FA0100C3CF0D}.Debug|Any CPU.Build.0 = Debug|Any CPU
		{67A86C95-CCB6-471D-B09F-FA0100C3CF0D}.Release|Any CPU.ActiveCfg = Release|Any CPU
		{67A86C95-CCB6-471D-B09F-FA0100C3CF0D}.Release|Any CPU.Build.0 = Release|Any CPU
		{D8890410-2A88-4396-B018-81EF2B359D72}.Debug|Any CPU.ActiveCfg = Debug|Any CPU
		{D8890410-2A88-4396-B018-81EF2B359D72}.Debug|Any CPU.Build.0 = Debug|Any CPU
		{D8890410-2A88-4396-B018-81EF2B359D72}.Release|Any CPU.ActiveCfg = Release|Any CPU
		{D8890410-2A88-4396-B018-81EF2B359D72}.Release|Any CPU.Build.0 = Release|Any CPU
		{9DE74B31-6DED-4C03-BB40-AB7E75D855EA}.Debug|Any CPU.ActiveCfg = Debug|Any CPU
		{9DE74B31-6DED-4C03-BB40-AB7E75D855EA}.Debug|Any CPU.Build.0 = Debug|Any CPU
		{9DE74B31-6DED-4C03-BB40-AB7E75D855EA}.Release|Any CPU.ActiveCfg = Release|Any CPU
		{9DE74B31-6DED-4C03-BB40-AB7E75D855EA}.Release|Any CPU.Build.0 = Release|Any CPU
		{CF3839ED-9FA1-4ADA-8FF2-F7E30BDE9D87}.Debug|Any CPU.ActiveCfg = Debug|Any CPU
		{CF3839ED-9FA1-4ADA-8FF2-F7E30BDE9D87}.Debug|Any CPU.Build.0 = Debug|Any CPU
		{CF3839ED-9FA1-4ADA-8FF2-F7E30BDE9D87}.Release|Any CPU.ActiveCfg = Release|Any CPU
		{CF3839ED-9FA1-4ADA-8FF2-F7E30BDE9D87}.Release|Any CPU.Build.0 = Release|Any CPU
		{331FBBCC-5284-4732-8C78-B5532695E48F}.Debug|Any CPU.ActiveCfg = Debug|Any CPU
		{331FBBCC-5284-4732-8C78-B5532695E48F}.Debug|Any CPU.Build.0 = Debug|Any CPU
		{331FBBCC-5284-4732-8C78-B5532695E48F}.Release|Any CPU.ActiveCfg = Release|Any CPU
		{331FBBCC-5284-4732-8C78-B5532695E48F}.Release|Any CPU.Build.0 = Release|Any CPU
		{572CF79D-C236-49D5-B6C1-C2CB094156C7}.Debug|Any CPU.ActiveCfg = Debug|Any CPU
		{572CF79D-C236-49D5-B6C1-C2CB094156C7}.Debug|Any CPU.Build.0 = Debug|Any CPU
		{572CF79D-C236-49D5-B6C1-C2CB094156C7}.Release|Any CPU.ActiveCfg = Release|Any CPU
		{572CF79D-C236-49D5-B6C1-C2CB094156C7}.Release|Any CPU.Build.0 = Release|Any CPU
		{FE618639-5406-4587-AA0A-3811FAA249F6}.Debug|Any CPU.ActiveCfg = Debug|Any CPU
		{FE618639-5406-4587-AA0A-3811FAA249F6}.Debug|Any CPU.Build.0 = Debug|Any CPU
		{FE618639-5406-4587-AA0A-3811FAA249F6}.Release|Any CPU.ActiveCfg = Release|Any CPU
		{FE618639-5406-4587-AA0A-3811FAA249F6}.Release|Any CPU.Build.0 = Release|Any CPU
		{5FA9380A-64B1-4D8C-A8EB-1B60B9382750}.Debug|Any CPU.ActiveCfg = Debug|Any CPU
		{5FA9380A-64B1-4D8C-A8EB-1B60B9382750}.Debug|Any CPU.Build.0 = Debug|Any CPU
		{5FA9380A-64B1-4D8C-A8EB-1B60B9382750}.Release|Any CPU.ActiveCfg = Release|Any CPU
		{5FA9380A-64B1-4D8C-A8EB-1B60B9382750}.Release|Any CPU.Build.0 = Release|Any CPU
		{B01EBB88-87D9-4F4F-A4C1-8939468D9C2A}.Debug|Any CPU.ActiveCfg = Debug|Any CPU
		{B01EBB88-87D9-4F4F-A4C1-8939468D9C2A}.Debug|Any CPU.Build.0 = Debug|Any CPU
		{B01EBB88-87D9-4F4F-A4C1-8939468D9C2A}.Release|Any CPU.ActiveCfg = Release|Any CPU
		{B01EBB88-87D9-4F4F-A4C1-8939468D9C2A}.Release|Any CPU.Build.0 = Release|Any CPU
		{EF49A0A0-850E-461D-8A96-7E37456D521E}.Debug|Any CPU.ActiveCfg = Debug|Any CPU
		{EF49A0A0-850E-461D-8A96-7E37456D521E}.Debug|Any CPU.Build.0 = Debug|Any CPU
		{EF49A0A0-850E-461D-8A96-7E37456D521E}.Release|Any CPU.ActiveCfg = Release|Any CPU
		{EF49A0A0-850E-461D-8A96-7E37456D521E}.Release|Any CPU.Build.0 = Release|Any CPU
		{DD866536-0971-4B98-911B-5A467AFA92A7}.Debug|Any CPU.ActiveCfg = Debug|Any CPU
		{DD866536-0971-4B98-911B-5A467AFA92A7}.Debug|Any CPU.Build.0 = Debug|Any CPU
		{DD866536-0971-4B98-911B-5A467AFA92A7}.Release|Any CPU.ActiveCfg = Release|Any CPU
		{DD866536-0971-4B98-911B-5A467AFA92A7}.Release|Any CPU.Build.0 = Release|Any CPU
		{C9361DEE-A7CA-4EF7-8779-929CC6C1E7B8}.Debug|Any CPU.ActiveCfg = Debug|Any CPU
		{C9361DEE-A7CA-4EF7-8779-929CC6C1E7B8}.Debug|Any CPU.Build.0 = Debug|Any CPU
		{C9361DEE-A7CA-4EF7-8779-929CC6C1E7B8}.Release|Any CPU.ActiveCfg = Release|Any CPU
		{C9361DEE-A7CA-4EF7-8779-929CC6C1E7B8}.Release|Any CPU.Build.0 = Release|Any CPU
		{BA67001B-F29F-41FD-9199-F40C96ABD218}.Debug|Any CPU.ActiveCfg = Debug|Any CPU
		{BA67001B-F29F-41FD-9199-F40C96ABD218}.Debug|Any CPU.Build.0 = Debug|Any CPU
		{BA67001B-F29F-41FD-9199-F40C96ABD218}.Release|Any CPU.ActiveCfg = Release|Any CPU
		{BA67001B-F29F-41FD-9199-F40C96ABD218}.Release|Any CPU.Build.0 = Release|Any CPU
	EndGlobalSection
	GlobalSection(SolutionProperties) = preSolution
		HideSolutionNode = FALSE
	EndGlobalSection
	GlobalSection(NestedProjects) = preSolution
		{7DD6283C-197B-48B3-925C-80CBCA02FE82} = {36AF937E-F737-45A9-85B0-D7F9BD51D101}
		{DCB07FF4-1CF0-4DFF-B353-5DF5D61C2DEE} = {7DD6283C-197B-48B3-925C-80CBCA02FE82}
		{206960DE-0963-4A17-AA54-42234F06E53D} = {DCB07FF4-1CF0-4DFF-B353-5DF5D61C2DEE}
		{D0189649-1188-4ECD-9378-8830A4688F61} = {DCB07FF4-1CF0-4DFF-B353-5DF5D61C2DEE}
		{4DFAC037-C0DE-4D49-A2D1-64DA74824A68} = {36AF937E-F737-45A9-85B0-D7F9BD51D101}
		{22B9D8A1-E371-4890-A33E-49C8C1A4E6A7} = {4DFAC037-C0DE-4D49-A2D1-64DA74824A68}
		{CFCE4B78-69F7-4931-9390-DF717C4CC536} = {22B9D8A1-E371-4890-A33E-49C8C1A4E6A7}
		{ABD758C9-E9FA-4681-861D-5FC2A2EC03AD} = {36AF937E-F737-45A9-85B0-D7F9BD51D101}
		{8F46C68D-FF76-4C41-A73A-8C4FB6B75677} = {ABD758C9-E9FA-4681-861D-5FC2A2EC03AD}
		{4ADD9776-39A5-4C1F-91C3-024429DCBD41} = {8F46C68D-FF76-4C41-A73A-8C4FB6B75677}
		{B809BD6B-FBC2-4160-AE94-6AE6AEF38E8E} = {36AF937E-F737-45A9-85B0-D7F9BD51D101}
		{30F8DF21-6480-4E10-9FD4-9423F4A1FA9E} = {B809BD6B-FBC2-4160-AE94-6AE6AEF38E8E}
		{11B08B4D-E494-4714-A5F2-74CD52ECF53B} = {30F8DF21-6480-4E10-9FD4-9423F4A1FA9E}
		{DA4430F8-6F7D-45B9-88FC-A6610EE5659A} = {36AF937E-F737-45A9-85B0-D7F9BD51D101}
		{BABD6286-410B-4B80-A2EA-C0BAEA1B6138} = {DA4430F8-6F7D-45B9-88FC-A6610EE5659A}
		{6ACE7890-FBD5-4A03-BCF6-564C0BD3AE7C} = {BABD6286-410B-4B80-A2EA-C0BAEA1B6138}
		{9E967929-2442-4CD5-8E0F-D50462D37948} = {36AF937E-F737-45A9-85B0-D7F9BD51D101}
		{9B2BAD89-81B5-4826-80DE-ED844F360EB3} = {9E967929-2442-4CD5-8E0F-D50462D37948}
		{49674051-B94D-4FEC-9B6D-0A29024C60EA} = {9B2BAD89-81B5-4826-80DE-ED844F360EB3}
		{86CDD051-008D-490E-A936-F2386FCFFEB0} = {36AF937E-F737-45A9-85B0-D7F9BD51D101}
		{8F01C826-D230-4D55-A853-8C96CCC01B90} = {86CDD051-008D-490E-A936-F2386FCFFEB0}
		{67A86C95-CCB6-471D-B09F-FA0100C3CF0D} = {8F01C826-D230-4D55-A853-8C96CCC01B90}
		{E95CC76B-CEB8-4728-91FE-5C86BE9B866C} = {36AF937E-F737-45A9-85B0-D7F9BD51D101}
		{5A5E089C-D5B6-4E7C-8B91-ECE3E75465DC} = {E95CC76B-CEB8-4728-91FE-5C86BE9B866C}
		{D8890410-2A88-4396-B018-81EF2B359D72} = {5A5E089C-D5B6-4E7C-8B91-ECE3E75465DC}
		{9344E2B3-3FD0-49AF-ADC8-0B6DFA22BCE8} = {36AF937E-F737-45A9-85B0-D7F9BD51D101}
		{4BDAA233-10CA-4E94-8AC8-886236521453} = {9344E2B3-3FD0-49AF-ADC8-0B6DFA22BCE8}
		{9DE74B31-6DED-4C03-BB40-AB7E75D855EA} = {4BDAA233-10CA-4E94-8AC8-886236521453}
		{43FB672A-BC2A-4F92-B4BF-474B24EDB787} = {36AF937E-F737-45A9-85B0-D7F9BD51D101}
		{B95A8927-162C-42A9-AD11-2B3C0EC30E5C} = {43FB672A-BC2A-4F92-B4BF-474B24EDB787}
		{CF3839ED-9FA1-4ADA-8FF2-F7E30BDE9D87} = {B95A8927-162C-42A9-AD11-2B3C0EC30E5C}
		{331FBBCC-5284-4732-8C78-B5532695E48F} = {B95A8927-162C-42A9-AD11-2B3C0EC30E5C}
		{ADF03686-C150-4833-A7E8-84264E5BA5ED} = {36AF937E-F737-45A9-85B0-D7F9BD51D101}
		{0E602CFC-8414-49F0-BEB1-62F6204159AF} = {ADF03686-C150-4833-A7E8-84264E5BA5ED}
		{572CF79D-C236-49D5-B6C1-C2CB094156C7} = {0E602CFC-8414-49F0-BEB1-62F6204159AF}
		{FE618639-5406-4587-AA0A-3811FAA249F6} = {0E602CFC-8414-49F0-BEB1-62F6204159AF}
		{517172C9-F823-41DB-9B92-267830876539} = {36AF937E-F737-45A9-85B0-D7F9BD51D101}
		{D805EF26-10F6-4F5A-B8B3-F2675ED775F5} = {517172C9-F823-41DB-9B92-267830876539}
		{5FA9380A-64B1-4D8C-A8EB-1B60B9382750} = {D805EF26-10F6-4F5A-B8B3-F2675ED775F5}
		{B01EBB88-87D9-4F4F-A4C1-8939468D9C2A} = {D805EF26-10F6-4F5A-B8B3-F2675ED775F5}
		{B3A91538-29A4-409D-8FC0-9A709657B476} = {36AF937E-F737-45A9-85B0-D7F9BD51D101}
		{8FCD3A25-A367-4801-B54B-6384C165CE00} = {B3A91538-29A4-409D-8FC0-9A709657B476}
		{EF49A0A0-850E-461D-8A96-7E37456D521E} = {8FCD3A25-A367-4801-B54B-6384C165CE00}
		{56401207-6ED5-42A1-BD7D-EBFCB2C63B3F} = {36AF937E-F737-45A9-85B0-D7F9BD51D101}
		{10C3EF79-3349-4B5F-8CB2-22FB649BA03D} = {56401207-6ED5-42A1-BD7D-EBFCB2C63B3F}
		{DD866536-0971-4B98-911B-5A467AFA92A7} = {10C3EF79-3349-4B5F-8CB2-22FB649BA03D}
		{C9361DEE-A7CA-4EF7-8779-929CC6C1E7B8} = {10C3EF79-3349-4B5F-8CB2-22FB649BA03D}
		{332369AF-A18C-421E-92AF-7DD92CDF0D50} = {36AF937E-F737-45A9-85B0-D7F9BD51D101}
		{7F2FD333-563A-4821-9CC3-8BAE8B28D050} = {332369AF-A18C-421E-92AF-7DD92CDF0D50}
		{BA67001B-F29F-41FD-9199-F40C96ABD218} = {7F2FD333-563A-4821-9CC3-8BAE8B28D050}
	EndGlobalSection
	GlobalSection(ExtensibilityGlobals) = postSolution
		SolutionGuid = {74F205F0-A964-4F8A-95B2-808E19569CB6}
	EndGlobalSection
EndGlobal
